<?xml version="1.0" encoding="utf-8"?>
<Project ToolsVersion="4.0" xmlns="http://schemas.microsoft.com/developer/msbuild/2003">
  <ItemGroup>
    <Filter Include="源文件">
      <UniqueIdentifier>{4FC737F1-C7A5-4376-A066-2A32D752A2FF}</UniqueIdentifier>
      <Extensions>cpp;c;cc;cxx;c++;cppm;ixx;def;odl;idl;hpj;bat;asm;asmx</Extensions>
    </Filter>
    <Filter Include="头文件">
      <UniqueIdentifier>{93995380-89BD-4b04-88EB-625FBE52EBFB}</UniqueIdentifier>
      <Extensions>h;hh;hpp;hxx;h++;hm;inl;inc;ipp;xsd</Extensions>
    </Filter>
    <Filter Include="资源文件">
      <UniqueIdentifier>{67DA6AB6-F800-4c08-8B7A-83BB121AAD01}</UniqueIdentifier>
      <Extensions>rc;ico;cur;bmp;dlg;rc2;rct;bin;rgs;gif;jpg;jpeg;jpe;resx;tiff;tif;png;wav;mfcribbon-ms</Extensions>
    </Filter>
    <Filter Include="头文件\Tests">
      <UniqueIdentifier>{202c80aa-3f2a-4e96-aeab-c94efaff6851}</UniqueIdentifier>
    </Filter>
    <Filter Include="头文件\Sph">
      <UniqueIdentifier>{12e5eada-65f3-41e9-acfb-7ebff226dcf0}</UniqueIdentifier>
    </Filter>
    <Filter Include="源文件\Sph">
      <UniqueIdentifier>{229779cc-a817-4361-9ae4-59cc0575746c}</UniqueIdentifier>
    </Filter>
  </ItemGroup>
  <ItemGroup>
    <ClCompile Include="FluidEngine.cpp">
      <Filter>源文件</Filter>
    </ClCompile>
    <ClCompile Include="sphere2.cpp">
      <Filter>源文件</Filter>
    </ClCompile>
    <ClCompile Include="sphere3.cpp">
      <Filter>源文件</Filter>
    </ClCompile>
    <ClCompile Include="implicit_surface2.cpp">
      <Filter>源文件</Filter>
    </ClCompile>
    <ClCompile Include="implicit_surface3.cpp">
      <Filter>源文件</Filter>
    </ClCompile>
    <ClCompile Include="surface_to_implicit2.cpp">
      <Filter>源文件</Filter>
    </ClCompile>
    <ClCompile Include="surface_to_implicit3.cpp">
      <Filter>源文件</Filter>
    </ClCompile>
    <ClCompile Include="triangle3.cpp">
      <Filter>源文件</Filter>
    </ClCompile>
    <ClCompile Include="animation.cpp">
      <Filter>源文件</Filter>
    </ClCompile>
    <ClCompile Include="timer.cpp">
      <Filter>源文件</Filter>
    </ClCompile>
    <ClCompile Include="surface2.cpp">
      <Filter>源文件</Filter>
    </ClCompile>
    <ClCompile Include="surface3.cpp">
      <Filter>源文件</Filter>
    </ClCompile>
    <ClCompile Include="cnpy.cpp">
      <Filter>源文件</Filter>
    </ClCompile>
    <ClCompile Include="pystring.cpp">
      <Filter>源文件</Filter>
    </ClCompile>
    <ClCompile Include="constant_vector_field3.cpp">
      <Filter>源文件</Filter>
    </ClCompile>
    <ClCompile Include="vector_field3.cpp">
      <Filter>源文件</Filter>
    </ClCompile>
    <ClCompile Include="physics_animation.cpp">
      <Filter>源文件</Filter>
    </ClCompile>
    <ClCompile Include="field3.cpp">
      <Filter>源文件</Filter>
    </ClCompile>
    <ClCompile Include="particle_system_data3.cpp">
      <Filter>源文件</Filter>
    </ClCompile>
    <ClCompile Include="particle_system_solver3.cpp">
      <Filter>源文件</Filter>
    </ClCompile>
    <ClCompile Include="point_hash_grid_searcher3.cpp">
      <Filter>源文件</Filter>
    </ClCompile>
    <ClCompile Include="collider3.cpp">
      <Filter>源文件</Filter>
    </ClCompile>
    <ClCompile Include="rigid_body_collider3.cpp">
      <Filter>源文件</Filter>
    </ClCompile>
    <ClCompile Include="MassSpringTest.h">
      <Filter>头文件\Tests</Filter>
    </ClCompile>
    <ClCompile Include="ParticleSystemTest.h">
      <Filter>头文件\Tests</Filter>
    </ClCompile>
    <ClCompile Include="plane3.cpp">
      <Filter>源文件</Filter>
    </ClCompile>
    <ClCompile Include="sph_system_data3.cpp">
      <Filter>源文件\Sph</Filter>
    </ClCompile>
    <ClCompile Include="bcc_lattice_point_generator.cpp">
      <Filter>源文件</Filter>
    </ClCompile>
    <ClCompile Include="point_generator3.cpp">
      <Filter>源文件</Filter>
    </ClCompile>
    <ClCompile Include="sph_solver3.cpp">
      <Filter>源文件\Sph</Filter>
    </ClCompile>
    <ClCompile Include="particle_emitter3.cpp">
      <Filter>源文件</Filter>
    </ClCompile>
    <ClCompile Include="volume_particle_emitter3.cpp">
      <Filter>源文件</Filter>
    </ClCompile>
    <ClCompile Include="box3.cpp">
      <Filter>源文件</Filter>
    </ClCompile>
    <ClCompile Include="particle_system_data2.cpp">
      <Filter>源文件</Filter>
    </ClCompile>
    <ClCompile Include="point_neighbor_searcher2.cpp">
      <Filter>源文件</Filter>
    </ClCompile>
    <ClCompile Include="sph_system_data2.cpp">
      <Filter>源文件</Filter>
    </ClCompile>
    <ClCompile Include="triangle_point_generator.cpp">
      <Filter>源文件</Filter>
    </ClCompile>
    <ClCompile Include="point_generator2.cpp">
      <Filter>源文件</Filter>
    </ClCompile>
    <ClCompile Include="particle_system_solver2.cpp">
      <Filter>源文件</Filter>
    </ClCompile>
    <ClCompile Include="constant_vector_field2.cpp">
      <Filter>源文件</Filter>
    </ClCompile>
    <ClCompile Include="collider2.cpp">
      <Filter>源文件</Filter>
    </ClCompile>
    <ClCompile Include="rigid_body_collider2.cpp">
      <Filter>源文件</Filter>
    </ClCompile>
    <ClCompile Include="particle_emitter2.cpp">
      <Filter>源文件</Filter>
    </ClCompile>
    <ClCompile Include="sph_solver2.cpp">
      <Filter>源文件</Filter>
    </ClCompile>
    <ClCompile Include="box2.cpp">
      <Filter>源文件</Filter>
    </ClCompile>
    <ClCompile Include="implicit_surface_set2.cpp">
      <Filter>源文件</Filter>
    </ClCompile>
    <ClCompile Include="plane2.cpp">
      <Filter>源文件</Filter>
    </ClCompile>
    <ClCompile Include="volume_particle_emitter2.cpp">
      <Filter>源文件</Filter>
    </ClCompile>
    <ClCompile Include="point_hash_grid_searcher2.cpp">
      <Filter>源文件</Filter>
    </ClCompile>
    <ClCompile Include="vector_field2.cpp">
      <Filter>源文件</Filter>
    </ClCompile>
    <ClCompile Include="field2.cpp">
      <Filter>源文件</Filter>
    </ClCompile>
    <ClCompile Include="point_particle_emitter2.cpp">
      <Filter>源文件</Filter>
    </ClCompile>
    <ClCompile Include="point_particle_emitter3.cpp">
      <Filter>源文件</Filter>
    </ClCompile>
  </ItemGroup>
  <ItemGroup>
    <ClInclude Include="macros.h">
      <Filter>头文件</Filter>
    </ClInclude>
    <ClInclude Include="constants.h">
      <Filter>头文件</Filter>
    </ClInclude>
    <ClInclude Include="array.h">
      <Filter>头文件</Filter>
    </ClInclude>
    <ClInclude Include="array1.h">
      <Filter>头文件</Filter>
    </ClInclude>
    <ClInclude Include="array2.h">
      <Filter>头文件</Filter>
    </ClInclude>
    <ClInclude Include="array3.h">
      <Filter>头文件</Filter>
    </ClInclude>
    <ClInclude Include="point.h">
      <Filter>头文件</Filter>
    </ClInclude>
    <ClInclude Include="point2.h">
      <Filter>头文件</Filter>
    </ClInclude>
    <ClInclude Include="point3.h">
      <Filter>头文件</Filter>
    </ClInclude>
    <ClInclude Include="size.h">
      <Filter>头文件</Filter>
    </ClInclude>
    <ClInclude Include="size2.h">
      <Filter>头文件</Filter>
    </ClInclude>
    <ClInclude Include="size3.h">
      <Filter>头文件</Filter>
    </ClInclude>
    <ClInclude Include="array_accessor.h">
      <Filter>头文件</Filter>
    </ClInclude>
    <ClInclude Include="array_accessor1.h">
      <Filter>头文件</Filter>
    </ClInclude>
    <ClInclude Include="array_accessor2.h">
      <Filter>头文件</Filter>
    </ClInclude>
    <ClInclude Include="array_accessor3.h">
      <Filter>头文件</Filter>
    </ClInclude>
    <ClInclude Include="array_accessor1-inl.h">
      <Filter>头文件</Filter>
    </ClInclude>
    <ClInclude Include="array_accessor2-inl.h">
      <Filter>头文件</Filter>
    </ClInclude>
    <ClInclude Include="array_accessor3-inl.h">
      <Filter>头文件</Filter>
    </ClInclude>
    <ClInclude Include="array1-inl.h">
      <Filter>头文件</Filter>
    </ClInclude>
    <ClInclude Include="array2-inl.h">
      <Filter>头文件</Filter>
    </ClInclude>
    <ClInclude Include="array3-inl.h">
      <Filter>头文件</Filter>
    </ClInclude>
    <ClInclude Include="point2-inl.h">
      <Filter>头文件</Filter>
    </ClInclude>
    <ClInclude Include="point3-inl.h">
      <Filter>头文件</Filter>
    </ClInclude>
    <ClInclude Include="point-inl.h">
      <Filter>头文件</Filter>
    </ClInclude>
    <ClInclude Include="size2-inl.h">
      <Filter>头文件</Filter>
    </ClInclude>
    <ClInclude Include="size3-inl.h">
      <Filter>头文件</Filter>
    </ClInclude>
    <ClInclude Include="parallel.h">
      <Filter>头文件</Filter>
    </ClInclude>
    <ClInclude Include="parallel-inl.h">
      <Filter>头文件</Filter>
    </ClInclude>
    <ClInclude Include="math_utils.h">
      <Filter>头文件</Filter>
    </ClInclude>
    <ClInclude Include="math_utils-inl.h">
      <Filter>头文件</Filter>
    </ClInclude>
    <ClInclude Include="vector.h">
      <Filter>头文件</Filter>
    </ClInclude>
    <ClInclude Include="vector2.h">
      <Filter>头文件</Filter>
    </ClInclude>
    <ClInclude Include="vector3.h">
      <Filter>头文件</Filter>
    </ClInclude>
    <ClInclude Include="vector4.h">
      <Filter>头文件</Filter>
    </ClInclude>
    <ClInclude Include="vector2-inl.h">
      <Filter>头文件</Filter>
    </ClInclude>
    <ClInclude Include="vector3-inl.h">
      <Filter>头文件</Filter>
    </ClInclude>
    <ClInclude Include="vector4-inl.h">
      <Filter>头文件</Filter>
    </ClInclude>
    <ClInclude Include="vector-inl.h">
      <Filter>头文件</Filter>
    </ClInclude>
    <ClInclude Include="vector_expression.h">
      <Filter>头文件</Filter>
    </ClInclude>
    <ClInclude Include="vector_expression-inl.h">
      <Filter>头文件</Filter>
    </ClInclude>
    <ClInclude Include="type_helpers.h">
      <Filter>头文件</Filter>
    </ClInclude>
    <ClInclude Include="field2.h">
      <Filter>头文件</Filter>
    </ClInclude>
    <ClInclude Include="field3.h">
      <Filter>头文件</Filter>
    </ClInclude>
    <ClInclude Include="scalar_field2.h">
      <Filter>头文件</Filter>
    </ClInclude>
    <ClInclude Include="scalar_field3.h">
      <Filter>头文件</Filter>
    </ClInclude>
    <ClInclude Include="vector_field2.h">
      <Filter>头文件</Filter>
    </ClInclude>
    <ClInclude Include="vector_field3.h">
      <Filter>头文件</Filter>
    </ClInclude>
    <ClInclude Include="ray.h">
      <Filter>头文件</Filter>
    </ClInclude>
    <ClInclude Include="ray2.h">
      <Filter>头文件</Filter>
    </ClInclude>
    <ClInclude Include="ray3.h">
      <Filter>头文件</Filter>
    </ClInclude>
    <ClInclude Include="ray2-inl.h">
      <Filter>头文件</Filter>
    </ClInclude>
    <ClInclude Include="ray3-inl.h">
      <Filter>头文件</Filter>
    </ClInclude>
    <ClInclude Include="bounding_box.h">
      <Filter>头文件</Filter>
    </ClInclude>
    <ClInclude Include="bounding_box2.h">
      <Filter>头文件</Filter>
    </ClInclude>
    <ClInclude Include="bounding_box3.h">
      <Filter>头文件</Filter>
    </ClInclude>
    <ClInclude Include="bounding_box2-inl.h">
      <Filter>头文件</Filter>
    </ClInclude>
    <ClInclude Include="bounding_box3-inl.h">
      <Filter>头文件</Filter>
    </ClInclude>
    <ClInclude Include="bounding_box-inl.h">
      <Filter>头文件</Filter>
    </ClInclude>
    <ClInclude Include="transform2.h">
      <Filter>头文件</Filter>
    </ClInclude>
    <ClInclude Include="transform2-inl.h">
      <Filter>头文件</Filter>
    </ClInclude>
    <ClInclude Include="transform3.h">
      <Filter>头文件</Filter>
    </ClInclude>
    <ClInclude Include="transform3-inl.h">
      <Filter>头文件</Filter>
    </ClInclude>
    <ClInclude Include="surface2.h">
      <Filter>头文件</Filter>
    </ClInclude>
    <ClInclude Include="surface3.h">
      <Filter>头文件</Filter>
    </ClInclude>
    <ClInclude Include="functors.h">
      <Filter>头文件</Filter>
    </ClInclude>
    <ClInclude Include="functors-inl.h">
      <Filter>头文件</Filter>
    </ClInclude>
    <ClInclude Include="matrix.h">
      <Filter>头文件</Filter>
    </ClInclude>
    <ClInclude Include="matrix_expression.h">
      <Filter>头文件</Filter>
    </ClInclude>
    <ClInclude Include="matrix2x2.h">
      <Filter>头文件</Filter>
    </ClInclude>
    <ClInclude Include="matrix3x3.h">
      <Filter>头文件</Filter>
    </ClInclude>
    <ClInclude Include="matrix4x4.h">
      <Filter>头文件</Filter>
    </ClInclude>
    <ClInclude Include="matrix_expression-inl.h">
      <Filter>头文件</Filter>
    </ClInclude>
    <ClInclude Include="matrix2x2-inl.h">
      <Filter>头文件</Filter>
    </ClInclude>
    <ClInclude Include="matrix3x3-inl.h">
      <Filter>头文件</Filter>
    </ClInclude>
    <ClInclude Include="matrix4x4-inl.h">
      <Filter>头文件</Filter>
    </ClInclude>
    <ClInclude Include="matrix-inl.h">
      <Filter>头文件</Filter>
    </ClInclude>
    <ClInclude Include="sphere2.h">
      <Filter>头文件</Filter>
    </ClInclude>
    <ClInclude Include="sphere3.h">
      <Filter>头文件</Filter>
    </ClInclude>
    <ClInclude Include="quaternion.h">
      <Filter>头文件</Filter>
    </ClInclude>
    <ClInclude Include="quaternion-inl.h">
      <Filter>头文件</Filter>
    </ClInclude>
    <ClInclude Include="pch.h">
      <Filter>头文件</Filter>
    </ClInclude>
    <ClInclude Include="logging.h">
      <Filter>头文件</Filter>
    </ClInclude>
    <ClInclude Include="private_helpers.h">
      <Filter>头文件</Filter>
    </ClInclude>
    <ClInclude Include="implicit_surface2.h">
      <Filter>头文件</Filter>
    </ClInclude>
    <ClInclude Include="implicit_surface3.h">
      <Filter>头文件</Filter>
    </ClInclude>
    <ClInclude Include="surface_to_implicit2.h">
      <Filter>头文件</Filter>
    </ClInclude>
    <ClInclude Include="surface_to_implicit3.h">
      <Filter>头文件</Filter>
    </ClInclude>
    <ClInclude Include="bvh2.h">
      <Filter>头文件</Filter>
    </ClInclude>
    <ClInclude Include="bvh3.h">
      <Filter>头文件</Filter>
    </ClInclude>
    <ClInclude Include="intersection_query_engine2.h">
      <Filter>头文件</Filter>
    </ClInclude>
    <ClInclude Include="intersection_query_engine3.h">
      <Filter>头文件</Filter>
    </ClInclude>
    <ClInclude Include="triangle_mesh3.h">
      <Filter>头文件</Filter>
    </ClInclude>
    <ClInclude Include="triangle3.h">
      <Filter>头文件</Filter>
    </ClInclude>
    <ClInclude Include="nearest_neighbor_query_engine2.h">
      <Filter>头文件</Filter>
    </ClInclude>
    <ClInclude Include="nearest_neighbor_query_engine3.h">
      <Filter>头文件</Filter>
    </ClInclude>
    <ClInclude Include="bvh2-inl.h">
      <Filter>头文件</Filter>
    </ClInclude>
    <ClInclude Include="bvh3-inl.h">
      <Filter>头文件</Filter>
    </ClInclude>
    <ClInclude Include="tiny_obj_loader.h">
      <Filter>头文件</Filter>
    </ClInclude>
    <ClInclude Include="animation.h">
      <Filter>头文件</Filter>
    </ClInclude>
    <ClInclude Include="timer.h">
      <Filter>头文件</Filter>
    </ClInclude>
    <ClInclude Include="cnpy.h">
      <Filter>头文件</Filter>
    </ClInclude>
    <ClInclude Include="pystring.h">
      <Filter>头文件</Filter>
    </ClInclude>
    <ClInclude Include="SimpleMassSpringAnimation.h">
      <Filter>头文件</Filter>
    </ClInclude>
    <ClInclude Include="physics_animation.h">
      <Filter>头文件</Filter>
    </ClInclude>
    <ClInclude Include="constant_vector_field3.h">
      <Filter>头文件</Filter>
    </ClInclude>
    <ClInclude Include="particle_system_data3.h">
      <Filter>头文件</Filter>
    </ClInclude>
    <ClInclude Include="particle_system_solver3.h">
      <Filter>头文件</Filter>
    </ClInclude>
    <ClInclude Include="array_utils.h">
      <Filter>头文件</Filter>
    </ClInclude>
    <ClInclude Include="array_utils-inl.h">
      <Filter>头文件</Filter>
    </ClInclude>
    <ClInclude Include="point_neighbor_searcher3.h">
      <Filter>头文件</Filter>
    </ClInclude>
    <ClInclude Include="point_hash_grid_searcher3.h">
      <Filter>头文件</Filter>
    </ClInclude>
    <ClInclude Include="collider3.h">
      <Filter>头文件</Filter>
    </ClInclude>
    <ClInclude Include="rigid_body_collider3.h">
      <Filter>头文件</Filter>
    </ClInclude>
    <ClInclude Include="plane3.h">
      <Filter>头文件</Filter>
    </ClInclude>
    <ClInclude Include="sph_kernels3.h">
      <Filter>头文件\Sph</Filter>
    </ClInclude>
    <ClInclude Include="sph_kernels3-inl.h">
      <Filter>头文件\Sph</Filter>
    </ClInclude>
    <ClInclude Include="sph_system_data3.h">
      <Filter>头文件\Sph</Filter>
    </ClInclude>
    <ClInclude Include="bcc_lattice_point_generator.h">
      <Filter>头文件</Filter>
    </ClInclude>
    <ClInclude Include="point_generator3.h">
      <Filter>头文件</Filter>
    </ClInclude>
    <ClInclude Include="sph_solver3.h">
      <Filter>头文件\Sph</Filter>
    </ClInclude>
    <ClInclude Include="physics_helpers.h">
      <Filter>头文件</Filter>
    </ClInclude>
    <ClInclude Include="SphSolver3Test.h">
      <Filter>头文件\Tests</Filter>
    </ClInclude>
    <ClInclude Include="volume_particle_emitter3.h">
      <Filter>头文件</Filter>
    </ClInclude>
    <ClInclude Include="particle_emitter3.h">
      <Filter>头文件</Filter>
    </ClInclude>
    <ClInclude Include="samplers.h">
      <Filter>头文件</Filter>
    </ClInclude>
    <ClInclude Include="samplers-inl.h">
      <Filter>头文件</Filter>
    </ClInclude>
    <ClInclude Include="box3.h">
      <Filter>头文件</Filter>
    </ClInclude>
    <ClInclude Include="sph_kernels2.h">
      <Filter>头文件</Filter>
    </ClInclude>
    <ClInclude Include="sph_solver2.h">
      <Filter>头文件</Filter>
    </ClInclude>
    <ClInclude Include="sph_system_data2.h">
      <Filter>头文件</Filter>
    </ClInclude>
    <ClInclude Include="sph_kernels2-inl.h">
      <Filter>头文件\Sph</Filter>
    </ClInclude>
    <ClInclude Include="particle_system_data2.h">
      <Filter>头文件</Filter>
    </ClInclude>
    <ClInclude Include="point_neighbor_searcher2.h">
      <Filter>头文件</Filter>
    </ClInclude>
    <ClInclude Include="triangle_point_generator.h">
      <Filter>头文件</Filter>
    </ClInclude>
    <ClInclude Include="point_generator2.h">
      <Filter>头文件</Filter>
    </ClInclude>
    <ClInclude Include="particle_system_solver2.h">
      <Filter>头文件</Filter>
    </ClInclude>
    <ClInclude Include="constant_vector_field2.h">
      <Filter>头文件</Filter>
    </ClInclude>
    <ClInclude Include="collider2.h">
      <Filter>头文件</Filter>
    </ClInclude>
    <ClInclude Include="rigid_body_collider2.h">
      <Filter>头文件</Filter>
    </ClInclude>
    <ClInclude Include="particle_emitter2.h">
      <Filter>头文件</Filter>
    </ClInclude>
    <ClInclude Include="SphSolver2Test.h">
      <Filter>头文件\Tests</Filter>
    </ClInclude>
    <ClInclude Include="box2.h">
      <Filter>头文件</Filter>
    </ClInclude>
    <ClInclude Include="implicit_surface_set2.h">
      <Filter>头文件</Filter>
    </ClInclude>
    <ClInclude Include="plane2.h">
      <Filter>头文件</Filter>
    </ClInclude>
    <ClInclude Include="volume_particle_emitter2.h">
      <Filter>头文件</Filter>
    </ClInclude>
    <ClInclude Include="point_hash_grid_searcher2.h">
      <Filter>头文件</Filter>
    </ClInclude>
    <ClInclude Include="point_particle_emitter2.h">
      <Filter>头文件</Filter>
    </ClInclude>
    <ClInclude Include="point_particle_emitter3.h">
      <Filter>头文件</Filter>
    </ClInclude>
  </ItemGroup>
</Project>