<?xml version="1.0" encoding="utf-8"?>
<Project ToolsVersion="4.0" xmlns="http://schemas.microsoft.com/developer/msbuild/2003">
  <ItemGroup>
    <Filter Include="源文件">
      <UniqueIdentifier>{4FC737F1-C7A5-4376-A066-2A32D752A2FF}</UniqueIdentifier>
      <Extensions>cpp;c;cc;cxx;c++;cppm;ixx;def;odl;idl;hpj;bat;asm;asmx</Extensions>
    </Filter>
    <Filter Include="头文件">
      <UniqueIdentifier>{93995380-89BD-4b04-88EB-625FBE52EBFB}</UniqueIdentifier>
      <Extensions>h;hh;hpp;hxx;h++;hm;inl;inc;ipp;xsd</Extensions>
    </Filter>
    <Filter Include="资源文件">
      <UniqueIdentifier>{67DA6AB6-F800-4c08-8B7A-83BB121AAD01}</UniqueIdentifier>
      <Extensions>rc;ico;cur;bmp;dlg;rc2;rct;bin;rgs;gif;jpg;jpeg;jpe;resx;tiff;tif;png;wav;mfcribbon-ms</Extensions>
    </Filter>
  </ItemGroup>
  <ItemGroup>
    <ClCompile Include="MyFluidEngine.cpp">
      <Filter>源文件</Filter>
    </ClCompile>
    <ClCompile Include="Animation\animation.cpp">
      <Filter>源文件</Filter>
    </ClCompile>
    <ClCompile Include="Animation\physics_animation.cpp">
      <Filter>源文件</Filter>
    </ClCompile>
    <ClCompile Include="Collider\collider2.cpp">
      <Filter>源文件</Filter>
    </ClCompile>
    <ClCompile Include="Collider\collider3.cpp">
      <Filter>源文件</Filter>
    </ClCompile>
    <ClCompile Include="Collider\rigid_body_collider2.cpp">
      <Filter>源文件</Filter>
    </ClCompile>
    <ClCompile Include="Collider\rigid_body_collider3.cpp">
      <Filter>源文件</Filter>
    </ClCompile>
    <ClCompile Include="Generator\bcc_lattice_point_generator.cpp">
      <Filter>源文件</Filter>
    </ClCompile>
    <ClCompile Include="Generator\point_generator2.cpp">
      <Filter>源文件</Filter>
    </ClCompile>
    <ClCompile Include="Generator\point_generator3.cpp">
      <Filter>源文件</Filter>
    </ClCompile>
    <ClCompile Include="Generator\triangle_point_generator.cpp">
      <Filter>源文件</Filter>
    </ClCompile>
    <ClCompile Include="ParticleEmitter\particle_emitter2.cpp">
      <Filter>源文件</Filter>
    </ClCompile>
    <ClCompile Include="ParticleEmitter\particle_emitter3.cpp">
      <Filter>源文件</Filter>
    </ClCompile>
    <ClCompile Include="ParticleEmitter\point_particle_emitter2.cpp">
      <Filter>源文件</Filter>
    </ClCompile>
    <ClCompile Include="ParticleEmitter\point_particle_emitter3.cpp">
      <Filter>源文件</Filter>
    </ClCompile>
    <ClCompile Include="ParticleEmitter\volume_particle_emitter2.cpp">
      <Filter>源文件</Filter>
    </ClCompile>
    <ClCompile Include="ParticleEmitter\volume_particle_emitter3.cpp">
      <Filter>源文件</Filter>
    </ClCompile>
    <ClCompile Include="ParticleSystem\particle_system_data2.cpp">
      <Filter>源文件</Filter>
    </ClCompile>
    <ClCompile Include="ParticleSystem\particle_system_data3.cpp">
      <Filter>源文件</Filter>
    </ClCompile>
    <ClCompile Include="ParticleSystem\particle_system_solver2.cpp">
      <Filter>源文件</Filter>
    </ClCompile>
    <ClCompile Include="ParticleSystem\particle_system_solver3.cpp">
      <Filter>源文件</Filter>
    </ClCompile>
    <ClCompile Include="Searcher\point_hash_grid_searcher2.cpp">
      <Filter>源文件</Filter>
    </ClCompile>
    <ClCompile Include="Searcher\point_hash_grid_searcher3.cpp">
      <Filter>源文件</Filter>
    </ClCompile>
    <ClCompile Include="Searcher\point_neighbor_searcher2.cpp">
      <Filter>源文件</Filter>
    </ClCompile>
    <ClCompile Include="Sph\sph_solver2.cpp">
      <Filter>源文件</Filter>
    </ClCompile>
    <ClCompile Include="Sph\sph_solver3.cpp">
      <Filter>源文件</Filter>
    </ClCompile>
    <ClCompile Include="Sph\sph_system_data2.cpp">
      <Filter>源文件</Filter>
    </ClCompile>
    <ClCompile Include="Sph\sph_system_data3.cpp">
      <Filter>源文件</Filter>
    </ClCompile>
    <ClCompile Include="Utils\Box\box2.cpp">
      <Filter>源文件</Filter>
    </ClCompile>
    <ClCompile Include="Utils\Box\box3.cpp">
      <Filter>源文件</Filter>
    </ClCompile>
    <ClCompile Include="Utils\Field\constant_vector_field2.cpp">
      <Filter>源文件</Filter>
    </ClCompile>
    <ClCompile Include="Utils\Field\constant_vector_field3.cpp">
      <Filter>源文件</Filter>
    </ClCompile>
    <ClCompile Include="Utils\Field\field2.cpp">
      <Filter>源文件</Filter>
    </ClCompile>
    <ClCompile Include="Utils\Field\field3.cpp">
      <Filter>源文件</Filter>
    </ClCompile>
    <ClCompile Include="Utils\Field\vector_field2.cpp">
      <Filter>源文件</Filter>
    </ClCompile>
    <ClCompile Include="Utils\Field\vector_field3.cpp">
      <Filter>源文件</Filter>
    </ClCompile>
    <ClCompile Include="Utils\Plane\plane2.cpp">
      <Filter>源文件</Filter>
    </ClCompile>
    <ClCompile Include="Utils\Plane\plane3.cpp">
      <Filter>源文件</Filter>
    </ClCompile>
    <ClCompile Include="Utils\Sphere\sphere2.cpp">
      <Filter>源文件</Filter>
    </ClCompile>
    <ClCompile Include="Utils\Sphere\sphere3.cpp">
      <Filter>源文件</Filter>
    </ClCompile>
    <ClCompile Include="Utils\Surface\implicit_surface_set2.cpp">
      <Filter>源文件</Filter>
    </ClCompile>
    <ClCompile Include="Utils\Surface\implicit_surface2.cpp">
      <Filter>源文件</Filter>
    </ClCompile>
    <ClCompile Include="Utils\Surface\implicit_surface3.cpp">
      <Filter>源文件</Filter>
    </ClCompile>
    <ClCompile Include="Utils\Surface\surface_to_implicit2.cpp">
      <Filter>源文件</Filter>
    </ClCompile>
    <ClCompile Include="Utils\Surface\surface_to_implicit3.cpp">
      <Filter>源文件</Filter>
    </ClCompile>
    <ClCompile Include="Utils\Surface\surface2.cpp">
      <Filter>源文件</Filter>
    </ClCompile>
    <ClCompile Include="Utils\Surface\surface3.cpp">
      <Filter>源文件</Filter>
    </ClCompile>
    <ClCompile Include="Utils\Triangle\triangle3.cpp">
      <Filter>源文件</Filter>
    </ClCompile>
    <ClCompile Include="Utils\cnpy.cpp">
      <Filter>源文件</Filter>
    </ClCompile>
    <ClCompile Include="Utils\pystring.cpp">
      <Filter>源文件</Filter>
    </ClCompile>
    <ClCompile Include="Utils\timer.cpp">
      <Filter>源文件</Filter>
    </ClCompile>
  </ItemGroup>
  <ItemGroup>
    <ClInclude Include="Animation\animation.h">
      <Filter>头文件</Filter>
    </ClInclude>
    <ClInclude Include="Animation\physics_animation.h">
      <Filter>头文件</Filter>
    </ClInclude>
    <ClInclude Include="Animation\SimpleMassSpringAnimation.h">
      <Filter>头文件</Filter>
    </ClInclude>
    <ClInclude Include="Collider\collider2.h">
      <Filter>头文件</Filter>
    </ClInclude>
    <ClInclude Include="Collider\collider3.h">
      <Filter>头文件</Filter>
    </ClInclude>
    <ClInclude Include="Collider\rigid_body_collider2.h">
      <Filter>头文件</Filter>
    </ClInclude>
    <ClInclude Include="Collider\rigid_body_collider3.h">
      <Filter>头文件</Filter>
    </ClInclude>
    <ClInclude Include="Generator\bcc_lattice_point_generator.h">
      <Filter>头文件</Filter>
    </ClInclude>
    <ClInclude Include="Generator\point_generator2.h">
      <Filter>头文件</Filter>
    </ClInclude>
    <ClInclude Include="Generator\point_generator3.h">
      <Filter>头文件</Filter>
    </ClInclude>
    <ClInclude Include="Generator\triangle_point_generator.h">
      <Filter>头文件</Filter>
    </ClInclude>
    <ClInclude Include="ParticleEmitter\particle_emitter2.h">
      <Filter>头文件</Filter>
    </ClInclude>
    <ClInclude Include="ParticleEmitter\particle_emitter3.h">
      <Filter>头文件</Filter>
    </ClInclude>
    <ClInclude Include="ParticleEmitter\point_particle_emitter2.h">
      <Filter>头文件</Filter>
    </ClInclude>
    <ClInclude Include="ParticleEmitter\point_particle_emitter3.h">
      <Filter>头文件</Filter>
    </ClInclude>
    <ClInclude Include="ParticleEmitter\volume_particle_emitter2.h">
      <Filter>头文件</Filter>
    </ClInclude>
    <ClInclude Include="ParticleEmitter\volume_particle_emitter3.h">
      <Filter>头文件</Filter>
    </ClInclude>
    <ClInclude Include="ParticleSystem\particle_system_data2.h">
      <Filter>头文件</Filter>
    </ClInclude>
    <ClInclude Include="ParticleSystem\particle_system_data3.h">
      <Filter>头文件</Filter>
    </ClInclude>
    <ClInclude Include="ParticleSystem\particle_system_solver2.h">
      <Filter>头文件</Filter>
    </ClInclude>
    <ClInclude Include="ParticleSystem\particle_system_solver3.h">
      <Filter>头文件</Filter>
    </ClInclude>
    <ClInclude Include="Utils\QueryEngine\intersection_query_engine2.h">
      <Filter>头文件</Filter>
    </ClInclude>
    <ClInclude Include="Utils\QueryEngine\intersection_query_engine3.h">
      <Filter>头文件</Filter>
    </ClInclude>
    <ClInclude Include="Utils\QueryEngine\nearest_neighbor_query_engine2.h">
      <Filter>头文件</Filter>
    </ClInclude>
    <ClInclude Include="Utils\QueryEngine\nearest_neighbor_query_engine3.h">
      <Filter>头文件</Filter>
    </ClInclude>
    <ClInclude Include="Searcher\point_hash_grid_searcher2.h">
      <Filter>头文件</Filter>
    </ClInclude>
    <ClInclude Include="Searcher\point_hash_grid_searcher3.h">
      <Filter>头文件</Filter>
    </ClInclude>
    <ClInclude Include="Searcher\point_neighbor_searcher2.h">
      <Filter>头文件</Filter>
    </ClInclude>
    <ClInclude Include="Searcher\point_neighbor_searcher3.h">
      <Filter>头文件</Filter>
    </ClInclude>
    <ClInclude Include="Sph\sph_kernels2.h">
      <Filter>头文件</Filter>
    </ClInclude>
    <ClInclude Include="Sph\sph_kernels2-inl.h">
      <Filter>头文件</Filter>
    </ClInclude>
    <ClInclude Include="Sph\sph_kernels3.h">
      <Filter>头文件</Filter>
    </ClInclude>
    <ClInclude Include="Sph\sph_kernels3-inl.h">
      <Filter>头文件</Filter>
    </ClInclude>
    <ClInclude Include="Sph\sph_solver2.h">
      <Filter>头文件</Filter>
    </ClInclude>
    <ClInclude Include="Sph\sph_solver3.h">
      <Filter>头文件</Filter>
    </ClInclude>
    <ClInclude Include="Sph\sph_system_data2.h">
      <Filter>头文件</Filter>
    </ClInclude>
    <ClInclude Include="Sph\sph_system_data3.h">
      <Filter>头文件</Filter>
    </ClInclude>
    <ClInclude Include="Utils\Array\array.h">
      <Filter>头文件</Filter>
    </ClInclude>
    <ClInclude Include="Utils\Array\array_accessor.h">
      <Filter>头文件</Filter>
    </ClInclude>
    <ClInclude Include="Utils\Array\array_accessor1.h">
      <Filter>头文件</Filter>
    </ClInclude>
    <ClInclude Include="Utils\Array\array_accessor1-inl.h">
      <Filter>头文件</Filter>
    </ClInclude>
    <ClInclude Include="Utils\Array\array_accessor2.h">
      <Filter>头文件</Filter>
    </ClInclude>
    <ClInclude Include="Utils\Array\array_accessor2-inl.h">
      <Filter>头文件</Filter>
    </ClInclude>
    <ClInclude Include="Utils\Array\array_accessor3.h">
      <Filter>头文件</Filter>
    </ClInclude>
    <ClInclude Include="Utils\Array\array_accessor3-inl.h">
      <Filter>头文件</Filter>
    </ClInclude>
    <ClInclude Include="Utils\Array\array_utils.h">
      <Filter>头文件</Filter>
    </ClInclude>
    <ClInclude Include="Utils\Array\array_utils-inl.h">
      <Filter>头文件</Filter>
    </ClInclude>
    <ClInclude Include="Utils\Array\array1.h">
      <Filter>头文件</Filter>
    </ClInclude>
    <ClInclude Include="Utils\Array\array1-inl.h">
      <Filter>头文件</Filter>
    </ClInclude>
    <ClInclude Include="Utils\Array\array2.h">
      <Filter>头文件</Filter>
    </ClInclude>
    <ClInclude Include="Utils\Array\array2-inl.h">
      <Filter>头文件</Filter>
    </ClInclude>
    <ClInclude Include="Utils\Array\array3.h">
      <Filter>头文件</Filter>
    </ClInclude>
    <ClInclude Include="Utils\Array\array3-inl.h">
      <Filter>头文件</Filter>
    </ClInclude>
    <ClInclude Include="Utils\BoundingBox\bounding_box.h">
      <Filter>头文件</Filter>
    </ClInclude>
    <ClInclude Include="Utils\BoundingBox\bounding_box2.h">
      <Filter>头文件</Filter>
    </ClInclude>
    <ClInclude Include="Utils\BoundingBox\bounding_box2-inl.h">
      <Filter>头文件</Filter>
    </ClInclude>
    <ClInclude Include="Utils\BoundingBox\bounding_box3.h">
      <Filter>头文件</Filter>
    </ClInclude>
    <ClInclude Include="Utils\BoundingBox\bounding_box3-inl.h">
      <Filter>头文件</Filter>
    </ClInclude>
    <ClInclude Include="Utils\BoundingBox\bounding_box-inl.h">
      <Filter>头文件</Filter>
    </ClInclude>
    <ClInclude Include="Utils\Box\box2.h">
      <Filter>头文件</Filter>
    </ClInclude>
    <ClInclude Include="Utils\Box\box3.h">
      <Filter>头文件</Filter>
    </ClInclude>
    <ClInclude Include="Utils\Bvh\bvh2.h">
      <Filter>头文件</Filter>
    </ClInclude>
    <ClInclude Include="Utils\Bvh\bvh2-inl.h">
      <Filter>头文件</Filter>
    </ClInclude>
    <ClInclude Include="Utils\Bvh\bvh3.h">
      <Filter>头文件</Filter>
    </ClInclude>
    <ClInclude Include="Utils\Bvh\bvh3-inl.h">
      <Filter>头文件</Filter>
    </ClInclude>
    <ClInclude Include="Utils\Field\constant_vector_field2.h">
      <Filter>头文件</Filter>
    </ClInclude>
    <ClInclude Include="Utils\Field\constant_vector_field3.h">
      <Filter>头文件</Filter>
    </ClInclude>
    <ClInclude Include="Utils\Field\field2.h">
      <Filter>头文件</Filter>
    </ClInclude>
    <ClInclude Include="Utils\Field\field3.h">
      <Filter>头文件</Filter>
    </ClInclude>
    <ClInclude Include="Utils\Field\scalar_field2.h">
      <Filter>头文件</Filter>
    </ClInclude>
    <ClInclude Include="Utils\Field\scalar_field3.h">
      <Filter>头文件</Filter>
    </ClInclude>
    <ClInclude Include="Utils\Field\vector_field2.h">
      <Filter>头文件</Filter>
    </ClInclude>
    <ClInclude Include="Utils\Field\vector_field3.h">
      <Filter>头文件</Filter>
    </ClInclude>
    <ClInclude Include="Utils\Matrix\matrix.h">
      <Filter>头文件</Filter>
    </ClInclude>
    <ClInclude Include="Utils\Matrix\matrix_expression.h">
      <Filter>头文件</Filter>
    </ClInclude>
    <ClInclude Include="Utils\Matrix\matrix_expression-inl.h">
      <Filter>头文件</Filter>
    </ClInclude>
    <ClInclude Include="Utils\Matrix\matrix2x2.h">
      <Filter>头文件</Filter>
    </ClInclude>
    <ClInclude Include="Utils\Matrix\matrix2x2-inl.h">
      <Filter>头文件</Filter>
    </ClInclude>
    <ClInclude Include="Utils\Matrix\matrix3x3.h">
      <Filter>头文件</Filter>
    </ClInclude>
    <ClInclude Include="Utils\Matrix\matrix3x3-inl.h">
      <Filter>头文件</Filter>
    </ClInclude>
    <ClInclude Include="Utils\Matrix\matrix4x4.h">
      <Filter>头文件</Filter>
    </ClInclude>
    <ClInclude Include="Utils\Matrix\matrix4x4-inl.h">
      <Filter>头文件</Filter>
    </ClInclude>
    <ClInclude Include="Utils\Matrix\matrix-inl.h">
      <Filter>头文件</Filter>
    </ClInclude>
    <ClInclude Include="Utils\Plane\plane2.h">
      <Filter>头文件</Filter>
    </ClInclude>
    <ClInclude Include="Utils\Plane\plane3.h">
      <Filter>头文件</Filter>
    </ClInclude>
    <ClInclude Include="Utils\Point\point.h">
      <Filter>头文件</Filter>
    </ClInclude>
    <ClInclude Include="Utils\Point\point2.h">
      <Filter>头文件</Filter>
    </ClInclude>
    <ClInclude Include="Utils\Point\point2-inl.h">
      <Filter>头文件</Filter>
    </ClInclude>
    <ClInclude Include="Utils\Point\point3.h">
      <Filter>头文件</Filter>
    </ClInclude>
    <ClInclude Include="Utils\Point\point3-inl.h">
      <Filter>头文件</Filter>
    </ClInclude>
    <ClInclude Include="Utils\Point\point-inl.h">
      <Filter>头文件</Filter>
    </ClInclude>
    <ClInclude Include="Utils\Ray\ray.h">
      <Filter>头文件</Filter>
    </ClInclude>
    <ClInclude Include="Utils\Ray\ray2.h">
      <Filter>头文件</Filter>
    </ClInclude>
    <ClInclude Include="Utils\Ray\ray2-inl.h">
      <Filter>头文件</Filter>
    </ClInclude>
    <ClInclude Include="Utils\Ray\ray3.h">
      <Filter>头文件</Filter>
    </ClInclude>
    <ClInclude Include="Utils\Ray\ray3-inl.h">
      <Filter>头文件</Filter>
    </ClInclude>
    <ClInclude Include="Utils\Size\size.h">
      <Filter>头文件</Filter>
    </ClInclude>
    <ClInclude Include="Utils\Size\size2.h">
      <Filter>头文件</Filter>
    </ClInclude>
    <ClInclude Include="Utils\Size\size2-inl.h">
      <Filter>头文件</Filter>
    </ClInclude>
    <ClInclude Include="Utils\Size\size3.h">
      <Filter>头文件</Filter>
    </ClInclude>
    <ClInclude Include="Utils\Size\size3-inl.h">
      <Filter>头文件</Filter>
    </ClInclude>
    <ClInclude Include="Utils\Sphere\sphere2.h">
      <Filter>头文件</Filter>
    </ClInclude>
    <ClInclude Include="Utils\Sphere\sphere3.h">
      <Filter>头文件</Filter>
    </ClInclude>
    <ClInclude Include="Utils\Surface\implicit_surface_set2.h">
      <Filter>头文件</Filter>
    </ClInclude>
    <ClInclude Include="Utils\Surface\implicit_surface2.h">
      <Filter>头文件</Filter>
    </ClInclude>
    <ClInclude Include="Utils\Surface\implicit_surface3.h">
      <Filter>头文件</Filter>
    </ClInclude>
    <ClInclude Include="Utils\Surface\surface_to_implicit2.h">
      <Filter>头文件</Filter>
    </ClInclude>
    <ClInclude Include="Utils\Surface\surface_to_implicit3.h">
      <Filter>头文件</Filter>
    </ClInclude>
    <ClInclude Include="Utils\Surface\surface2.h">
      <Filter>头文件</Filter>
    </ClInclude>
    <ClInclude Include="Utils\Surface\surface3.h">
      <Filter>头文件</Filter>
    </ClInclude>
    <ClInclude Include="Utils\Transform\transform2.h">
      <Filter>头文件</Filter>
    </ClInclude>
    <ClInclude Include="Utils\Transform\transform2-inl.h">
      <Filter>头文件</Filter>
    </ClInclude>
    <ClInclude Include="Utils\Transform\transform3.h">
      <Filter>头文件</Filter>
    </ClInclude>
    <ClInclude Include="Utils\Transform\transform3-inl.h">
      <Filter>头文件</Filter>
    </ClInclude>
    <ClInclude Include="Utils\Triangle\triangle3.h">
      <Filter>头文件</Filter>
    </ClInclude>
    <ClInclude Include="Utils\Vector\vector.h">
      <Filter>头文件</Filter>
    </ClInclude>
    <ClInclude Include="Utils\Vector\vector_expression.h">
      <Filter>头文件</Filter>
    </ClInclude>
    <ClInclude Include="Utils\Vector\vector_expression-inl.h">
      <Filter>头文件</Filter>
    </ClInclude>
    <ClInclude Include="Utils\Vector\vector2.h">
      <Filter>头文件</Filter>
    </ClInclude>
    <ClInclude Include="Utils\Vector\vector2-inl.h">
      <Filter>头文件</Filter>
    </ClInclude>
    <ClInclude Include="Utils\Vector\vector3.h">
      <Filter>头文件</Filter>
    </ClInclude>
    <ClInclude Include="Utils\Vector\vector3-inl.h">
      <Filter>头文件</Filter>
    </ClInclude>
    <ClInclude Include="Utils\Vector\vector4.h">
      <Filter>头文件</Filter>
    </ClInclude>
    <ClInclude Include="Utils\Vector\vector4-inl.h">
      <Filter>头文件</Filter>
    </ClInclude>
    <ClInclude Include="Utils\Vector\vector-inl.h">
      <Filter>头文件</Filter>
    </ClInclude>
    <ClInclude Include="Utils\cnpy.h">
      <Filter>头文件</Filter>
    </ClInclude>
    <ClInclude Include="Utils\constants.h">
      <Filter>头文件</Filter>
    </ClInclude>
    <ClInclude Include="Utils\functors.h">
      <Filter>头文件</Filter>
    </ClInclude>
    <ClInclude Include="Utils\functors-inl.h">
      <Filter>头文件</Filter>
    </ClInclude>
    <ClInclude Include="Utils\macros.h">
      <Filter>头文件</Filter>
    </ClInclude>
    <ClInclude Include="Utils\math_utils.h">
      <Filter>头文件</Filter>
    </ClInclude>
    <ClInclude Include="Utils\math_utils-inl.h">
      <Filter>头文件</Filter>
    </ClInclude>
    <ClInclude Include="Utils\parallel.h">
      <Filter>头文件</Filter>
    </ClInclude>
    <ClInclude Include="Utils\parallel-inl.h">
      <Filter>头文件</Filter>
    </ClInclude>
    <ClInclude Include="Utils\pch.h">
      <Filter>头文件</Filter>
    </ClInclude>
    <ClInclude Include="Utils\physics_helpers.h">
      <Filter>头文件</Filter>
    </ClInclude>
    <ClInclude Include="Utils\private_helpers.h">
      <Filter>头文件</Filter>
    </ClInclude>
    <ClInclude Include="Utils\pystring.h">
      <Filter>头文件</Filter>
    </ClInclude>
    <ClInclude Include="Utils\quaternion.h">
      <Filter>头文件</Filter>
    </ClInclude>
    <ClInclude Include="Utils\quaternion-inl.h">
      <Filter>头文件</Filter>
    </ClInclude>
    <ClInclude Include="Utils\samplers.h">
      <Filter>头文件</Filter>
    </ClInclude>
    <ClInclude Include="Utils\samplers-inl.h">
      <Filter>头文件</Filter>
    </ClInclude>
    <ClInclude Include="Utils\timer.h">
      <Filter>头文件</Filter>
    </ClInclude>
    <ClInclude Include="Utils\tiny_obj_loader.h">
      <Filter>头文件</Filter>
    </ClInclude>
    <ClInclude Include="Utils\triangle_mesh3.h">
      <Filter>头文件</Filter>
    </ClInclude>
    <ClInclude Include="Utils\type_helpers.h">
      <Filter>头文件</Filter>
    </ClInclude>
    <ClInclude Include="MassSpringTest.h">
      <Filter>头文件</Filter>
    </ClInclude>
    <ClInclude Include="ParticleSystemTest.h">
      <Filter>头文件</Filter>
    </ClInclude>
    <ClInclude Include="SphSolver3Test.h">
      <Filter>头文件</Filter>
    </ClInclude>
  </ItemGroup>
</Project>